<Solution>
    <Folder Name="/BackendCarcass/">
        <Project Path="../BackendCarcass/BackendCarcass.Application/BackendCarcass.Application.csproj" />
        <Project Path="../BackendCarcass/BackendCarcass.Database/BackendCarcass.Database.csproj" />
        <Project Path="../BackendCarcass/BackendCarcass.DataSeeding/BackendCarcass.DataSeeding.csproj" />
        <Project Path="../BackendCarcass/BackendCarcass.Domain/BackendCarcass.Domain.csproj" />
    </Folder>
    <Folder Name="/BackendCarcassShared/">
        <Project Path="../BackendCarcassShared/BackendCarcassShared.Contracts/BackendCarcassShared.Contracts.csproj" />
    </Folder>
    <Folder Name="/Solution Items/">
        <File Path=".editorconfig" />
        <File Path="Directory.Build.props" />
        <File Path="Directory.Packages.props" />
    </Folder>
    <Folder Name="/SystemTools/">
        <Project Path="../SystemTools/SystemTools.ApiContracts/SystemTools.ApiContracts.csproj" />
        <Project Path="../SystemTools/SystemTools.Application.Abstractions/SystemTools.Application.Abstractions.csproj" />
        <Project Path="../SystemTools/SystemTools.DatabaseToolsShared/SystemTools.DatabaseToolsShared.csproj" />
        <Project Path="../SystemTools/SystemTools.Domain.Abstractions/SystemTools.Domain.Abstractions.csproj" />
        <Project Path="../SystemTools/SystemTools.ReCounterContracts/SystemTools.ReCounterContracts.csproj" />
        <Project Path="../SystemTools/SystemTools.RepositoriesShared/SystemTools.RepositoriesShared.csproj" />
        <Project Path="../SystemTools/SystemTools.SharedKernel/SystemTools.SharedKernel.csproj" />
        <Project Path="../SystemTools/SystemTools.SystemToolsShared/SystemTools.SystemToolsShared.csproj" />
    </Folder>
    <Project Path="MimosiGeDbPart.Db/MimosiGeDbPart.Db.csproj" />
</Solution>
